PODS:
  - Alamofire (5.1.0)
  - MagicMapper (1.0.2)

DEPENDENCIES:
  - Alamofire
  - MagicMapper

SPEC REPOS:
  trunk:
    - Alamofire
    - MagicMapper

SPEC CHECKSUMS:
  Alamofire: 9d5c5f602928e512395b30950c5984eca840093c
  MagicMapper: 1909d0e15b7a3ef7faec2c5e30791eed0815e934

PODFILE CHECKSUM: 6ef1f945a7caffcf2b9572600ac1d241c18cb483

COCOAPODS: 1.9.1
