// !$*UTF8*$!
{
	archiveVersion = 1;
	classes = {
	};
	objectVersion = 50;
	objects = {

/* Begin PBXBuildFile section */
		1534654C732FE16E8EE626E2 /* libPods-tableViewJSON.a in Frameworks */ = {isa = PBXBuildFile; fileRef = 19DAF0F9BD1AB6BA735120D2 /* libPods-tableViewJSON.a */; };
		220E0BB32453206E00AEF042 /* AppDelegate.swift in Sources */ = {isa = PBXBuildFile; fileRef = 220E0BB22453206E00AEF042 /* AppDelegate.swift */; };
		220E0BB52453206E00AEF042 /* SceneDelegate.swift in Sources */ = {isa = PBXBuildFile; fileRef = 220E0BB42453206E00AEF042 /* SceneDelegate.swift */; };
		220E0BB72453206E00AEF042 /* ViewController.swift in Sources */ = {isa = PBXBuildFile; fileRef = 220E0BB62453206E00AEF042 /* ViewController.swift */; };
		220E0BBA2453206E00AEF042 /* Main.storyboard in Resources */ = {isa = PBXBuildFile; fileRef = 220E0BB82453206E00AEF042 /* Main.storyboard */; };
		220E0BBC2453207100AEF042 /* Assets.xcassets in Resources */ = {isa = PBXBuildFile; fileRef = 220E0BBB2453207100AEF042 /* Assets.xcassets */; };
		220E0BBF2453207100AEF042 /* LaunchScreen.storyboard in Resources */ = {isa = PBXBuildFile; fileRef = 220E0BBD2453207100AEF042 /* LaunchScreen.storyboard */; };
		220E0BC72453236000AEF042 /* TableViewCell1.swift in Sources */ = {isa = PBXBuildFile; fileRef = 220E0BC62453236000AEF042 /* TableViewCell1.swift */; };
		220E0BC92453294700AEF042 /* HeroStat.swift in Sources */ = {isa = PBXBuildFile; fileRef = 220E0BC82453294700AEF042 /* HeroStat.swift */; };
/* End PBXBuildFile section */

/* Begin PBXFileReference section */
		19DAF0F9BD1AB6BA735120D2 /* libPods-tableViewJSON.a */ = {isa = PBXFileReference; explicitFileType = archive.ar; includeInIndex = 0; path = "libPods-tableViewJSON.a"; sourceTree = BUILT_PRODUCTS_DIR; };
		220E0BAF2453206E00AEF042 /* tableViewJSON.app */ = {isa = PBXFileReference; explicitFileType = wrapper.application; includeInIndex = 0; path = tableViewJSON.app; sourceTree = BUILT_PRODUCTS_DIR; };
		220E0BB22453206E00AEF042 /* AppDelegate.swift */ = {isa = PBXFileReference; lastKnownFileType = sourcecode.swift; path = AppDelegate.swift; sourceTree = "<group>"; };
		220E0BB42453206E00AEF042 /* SceneDelegate.swift */ = {isa = PBXFileReference; lastKnownFileType = sourcecode.swift; path = SceneDelegate.swift; sourceTree = "<group>"; };
		220E0BB62453206E00AEF042 /* ViewController.swift */ = {isa = PBXFileReference; lastKnownFileType = sourcecode.swift; path = ViewController.swift; sourceTree = "<group>"; };
		220E0BB92453206E00AEF042 /* Base */ = {isa = PBXFileReference; lastKnownFileType = file.storyboard; name = Base; path = Base.lproj/Main.storyboard; sourceTree = "<group>"; };
		220E0BBB2453207100AEF042 /* Assets.xcassets */ = {isa = PBXFileReference; lastKnownFileType = folder.assetcatalog; path = Assets.xcassets; sourceTree = "<group>"; };
		220E0BBE2453207100AEF042 /* Base */ = {isa = PBXFileReference; lastKnownFileType = file.storyboard; name = Base; path = Base.lproj/LaunchScreen.storyboard; sourceTree = "<group>"; };
		220E0BC02453207100AEF042 /* Info.plist */ = {isa = PBXFileReference; lastKnownFileType = text.plist.xml; path = Info.plist; sourceTree = "<group>"; };
		220E0BC62453236000AEF042 /* TableViewCell1.swift */ = {isa = PBXFileReference; lastKnownFileType = sourcecode.swift; path = TableViewCell1.swift; sourceTree = "<group>"; };
		220E0BC82453294700AEF042 /* HeroStat.swift */ = {isa = PBXFileReference; lastKnownFileType = sourcecode.swift; path = HeroStat.swift; sourceTree = "<group>"; };
		2FF582AE9B9AA32058443E9C /* Pods-tableViewJSON.debug.xcconfig */ = {isa = PBXFileReference; includeInIndex = 1; lastKnownFileType = text.xcconfig; name = "Pods-tableViewJSON.debug.xcconfig"; path = "Target Support Files/Pods-tableViewJSON/Pods-tableViewJSON.debug.xcconfig"; sourceTree = "<group>"; };
		4E6F4C5C6AE8B0C99EC88FBE /* Pods-tableViewJSON.release.xcconfig */ = {isa = PBXFileReference; includeInIndex = 1; lastKnownFileType = text.xcconfig; name = "Pods-tableViewJSON.release.xcconfig"; path = "Target Support Files/Pods-tableViewJSON/Pods-tableViewJSON.release.xcconfig"; sourceTree = "<group>"; };
/* End PBXFileReference section */

/* Begin PBXFrameworksBuildPhase section */
		220E0BAC2453206E00AEF042 /* Frameworks */ = {
			isa = PBXFrameworksBuildPhase;
			buildActionMask = 2147483647;
			files = (
				1534654C732FE16E8EE626E2 /* libPods-tableViewJSON.a in Frameworks */,
			);
			runOnlyForDeploymentPostprocessing = 0;
		};
/* End PBXFrameworksBuildPhase section */

/* Begin PBXGroup section */
		0C75AE048171184686FC58EB /* Frameworks */ = {
			isa = PBXGroup;
			children = (
				19DAF0F9BD1AB6BA735120D2 /* libPods-tableViewJSON.a */,
			);
			name = Frameworks;
			sourceTree = "<group>";
		};
		220E0BA62453206E00AEF042 = {
			isa = PBXGroup;
			children = (
				220E0BB12453206E00AEF042 /* tableViewJSON */,
				220E0BB02453206E00AEF042 /* Products */,
				E7960629002C5AD1D87EC572 /* Pods */,
				0C75AE048171184686FC58EB /* Frameworks */,
			);
			sourceTree = "<group>";
		};
		220E0BB02453206E00AEF042 /* Products */ = {
			isa = PBXGroup;
			children = (
				220E0BAF2453206E00AEF042 /* tableViewJSON.app */,
			);
			name = Products;
			sourceTree = "<group>";
		};
		220E0BB12453206E00AEF042 /* tableViewJSON */ = {
			isa = PBXGroup;
			children = (
				220E0BB22453206E00AEF042 /* AppDelegate.swift */,
				220E0BB42453206E00AEF042 /* SceneDelegate.swift */,
				220E0BB62453206E00AEF042 /* ViewController.swift */,
				220E0BB82453206E00AEF042 /* Main.storyboard */,
				220E0BBB2453207100AEF042 /* Assets.xcassets */,
				220E0BBD2453207100AEF042 /* LaunchScreen.storyboard */,
				220E0BC02453207100AEF042 /* Info.plist */,
				220E0BC62453236000AEF042 /* TableViewCell1.swift */,
				220E0BC82453294700AEF042 /* HeroStat.swift */,
			);
			path = tableViewJSON;
			sourceTree = "<group>";
		};
		E7960629002C5AD1D87EC572 /* Pods */ = {
			isa = PBXGroup;
			children = (
				2FF582AE9B9AA32058443E9C /* Pods-tableViewJSON.debug.xcconfig */,
				4E6F4C5C6AE8B0C99EC88FBE /* Pods-tableViewJSON.release.xcconfig */,
			);
			name = Pods;
			path = Pods;
			sourceTree = "<group>";
		};
/* End PBXGroup section */

/* Begin PBXNativeTarget section */
		220E0BAE2453206E00AEF042 /* tableViewJSON */ = {
			isa = PBXNativeTarget;
			buildConfigurationList = 220E0BC32453207100AEF042 /* Build configuration list for PBXNativeTarget "tableViewJSON" */;
			buildPhases = (
				67850F79E56F1C8D2F8DFC13 /* [CP] Check Pods Manifest.lock */,
				220E0BAB2453206E00AEF042 /* Sources */,
				220E0BAC2453206E00AEF042 /* Frameworks */,
				220E0BAD2453206E00AEF042 /* Resources */,
			);
			buildRules = (
			);
			dependencies = (
			);
			name = tableViewJSON;
			productName = tableViewJSON;
			productReference = 220E0BAF2453206E00AEF042 /* tableViewJSON.app */;
			productType = "com.apple.product-type.application";
		};
/* End PBXNativeTarget section */

/* Begin PBXProject section */
		220E0BA72453206E00AEF042 /* Project object */ = {
			isa = PBXProject;
			attributes = {
				LastSwiftUpdateCheck = 1130;
				LastUpgradeCheck = 1130;
				ORGANIZATIONNAME = macOS;
				TargetAttributes = {
					220E0BAE2453206E00AEF042 = {
						CreatedOnToolsVersion = 11.3.1;
					};
				};
			};
			buildConfigurationList = 220E0BAA2453206E00AEF042 /* Build configuration list for PBXProject "tableViewJSON" */;
			compatibilityVersion = "Xcode 9.3";
			developmentRegion = en;
			hasScannedForEncodings = 0;
			knownRegions = (
				en,
				Base,
			);
			mainGroup = 220E0BA62453206E00AEF042;
			productRefGroup = 220E0BB02453206E00AEF042 /* Products */;
			projectDirPath = "";
			projectRoot = "";
			targets = (
				220E0BAE2453206E00AEF042 /* tableViewJSON */,
			);
		};
/* End PBXProject section */

/* Begin PBXResourcesBuildPhase section */
		220E0BAD2453206E00AEF042 /* Resources */ = {
			isa = PBXResourcesBuildPhase;
			buildActionMask = 2147483647;
			files = (
				220E0BBF2453207100AEF042 /* LaunchScreen.storyboard in Resources */,
				220E0BBC2453207100AEF042 /* Assets.xcassets in Resources */,
				220E0BBA2453206E00AEF042 /* Main.storyboard in Resources */,
			);
			runOnlyForDeploymentPostprocessing = 0;
		};
/* End PBXResourcesBuildPhase section */

/* Begin PBXShellScriptBuildPhase section */
		67850F79E56F1C8D2F8DFC13 /* [CP] Check Pods Manifest.lock */ = {
			isa = PBXShellScriptBuildPhase;
			buildActionMask = 2147483647;
			files = (
			);
			inputFileListPaths = (
			);
			inputPaths = (
				"${PODS_PODFILE_DIR_PATH}/Podfile.lock",
				"${PODS_ROOT}/Manifest.lock",
			);
			name = "[CP] Check Pods Manifest.lock";
			outputFileListPaths = (
			);
			outputPaths = (
				"$(DERIVED_FILE_DIR)/Pods-tableViewJSON-checkManifestLockResult.txt",
			);
			runOnlyForDeploymentPostprocessing = 0;
			shellPath = /bin/sh;
			shellScript = "diff \"${PODS_PODFILE_DIR_PATH}/Podfile.lock\" \"${PODS_ROOT}/Manifest.lock\" > /dev/null\nif [ $? != 0 ] ; then\n    # print error to STDERR\n    echo \"error: The sandbox is not in sync with the Podfile.lock. Run 'pod install' or update your CocoaPods installation.\" >&2\n    exit 1\nfi\n# This output is used by Xcode 'outputs' to avoid re-running this script phase.\necho \"SUCCESS\" > \"${SCRIPT_OUTPUT_FILE_0}\"\n";
			showEnvVarsInLog = 0;
		};
/* End PBXShellScriptBuildPhase section */

/* Begin PBXSourcesBuildPhase section */
		220E0BAB2453206E00AEF042 /* Sources */ = {
			isa = PBXSourcesBuildPhase;
			buildActionMask = 2147483647;
			files = (
				220E0BB72453206E00AEF042 /* ViewController.swift in Sources */,
				220E0BB32453206E00AEF042 /* AppDelegate.swift in Sources */,
				220E0BB52453206E00AEF042 /* SceneDelegate.swift in Sources */,
				220E0BC72453236000AEF042 /* TableViewCell1.swift in Sources */,
				220E0BC92453294700AEF042 /* HeroStat.swift in Sources */,
			);
			runOnlyForDeploymentPostprocessing = 0;
		};
/* End PBXSourcesBuildPhase section */

/* Begin PBXVariantGroup section */
		220E0BB82453206E00AEF042 /* Main.storyboard */ = {
			isa = PBXVariantGroup;
			children = (
				220E0BB92453206E00AEF042 /* Base */,
			);
			name = Main.storyboard;
			sourceTree = "<group>";
		};
		220E0BBD2453207100AEF042 /* LaunchScreen.storyboard */ = {
			isa = PBXVariantGroup;
			children = (
				220E0BBE2453207100AEF042 /* Base */,
			);
			name = LaunchScreen.storyboard;
			sourceTree = "<group>";
		};
/* End PBXVariantGroup section */

/* Begin XCBuildConfiguration section */
		220E0BC12453207100AEF042 /* Debug */ = {
			isa = XCBuildConfiguration;
			buildSettings = {
				ALWAYS_SEARCH_USER_PATHS = NO;
				CLANG_ANALYZER_NONNULL = YES;
				CLANG_ANALYZER_NUMBER_OBJECT_CONVERSION = YES_AGGRESSIVE;
				CLANG_CXX_LANGUAGE_STANDARD = "gnu++14";
				CLANG_CXX_LIBRARY = "libc++";
				CLANG_ENABLE_MODULES = YES;
				CLANG_ENABLE_OBJC_ARC = YES;
				CLANG_ENABLE_OBJC_WEAK = YES;
				CLANG_WARN_BLOCK_CAPTURE_AUTORELEASING = YES;
				CLANG_WARN_BOOL_CONVERSION = YES;
				CLANG_WARN_COMMA = YES;
				CLANG_WARN_CONSTANT_CONVERSION = YES;
				CLANG_WARN_DEPRECATED_OBJC_IMPLEMENTATIONS = YES;
				CLANG_WARN_DIRECT_OBJC_ISA_USAGE = YES_ERROR;
				CLANG_WARN_DOCUMENTATION_COMMENTS = YES;
				CLANG_WARN_EMPTY_BODY = YES;
				CLANG_WARN_ENUM_CONVERSION = YES;
				CLANG_WARN_INFINITE_RECURSION = YES;
				CLANG_WARN_INT_CONVERSION = YES;
				CLANG_WARN_NON_LITERAL_NULL_CONVERSION = YES;
				CLANG_WARN_OBJC_IMPLICIT_RETAIN_SELF = YES;
				CLANG_WARN_OBJC_LITERAL_CONVERSION = YES;
				CLANG_WARN_OBJC_ROOT_CLASS = YES_ERROR;
				CLANG_WARN_RANGE_LOOP_ANALYSIS = YES;
				CLANG_WARN_STRICT_PROTOTYPES = YES;
				CLANG_WARN_SUSPICIOUS_MOVE = YES;
				CLANG_WARN_UNGUARDED_AVAILABILITY = YES_AGGRESSIVE;
				CLANG_WARN_UNREACHABLE_CODE = YES;
				CLANG_WARN__DUPLICATE_METHOD_MATCH = YES;
				COPY_PHASE_STRIP = NO;
				DEBUG_INFORMATION_FORMAT = dwarf;
				ENABLE_STRICT_OBJC_MSGSEND = YES;
				ENABLE_TESTABILITY = YES;
				GCC_C_LANGUAGE_STANDARD = gnu11;
				GCC_DYNAMIC_NO_PIC = NO;
				GCC_NO_COMMON_BLOCKS = YES;
				GCC_OPTIMIZATION_LEVEL = 0;
				GCC_PREPROCESSOR_DEFINITIONS = (
					"DEBUG=1",
					"$(inherited)",
				);
				GCC_WARN_64_TO_32_BIT_CONVERSION = YES;
				GCC_WARN_ABOUT_RETURN_TYPE = YES_ERROR;
				GCC_WARN_UNDECLARED_SELECTOR = YES;
				GCC_WARN_UNINITIALIZED_AUTOS = YES_AGGRESSIVE;
				GCC_WARN_UNUSED_FUNCTION = YES;
				GCC_WARN_UNUSED_VARIABLE = YES;
				IPHONEOS_DEPLOYMENT_TARGET = 13.2;
				MTL_ENABLE_DEBUG_INFO = INCLUDE_SOURCE;
				MTL_FAST_MATH = YES;
				ONLY_ACTIVE_ARCH = YES;
				SDKROOT = iphoneos;
				SWIFT_ACTIVE_COMPILATION_CONDITIONS = DEBUG;
				SWIFT_OPTIMIZATION_LEVEL = "-Onone";
			};
			name = Debug;
		};
		220E0BC22453207100AEF042 /* Release */ = {
			isa = XCBuildConfiguration;
			buildSettings = {
				ALWAYS_SEARCH_USER_PATHS = NO;
				CLANG_ANALYZER_NONNULL = YES;
				CLANG_ANALYZER_NUMBER_OBJECT_CONVERSION = YES_AGGRESSIVE;
				CLANG_CXX_LANGUAGE_STANDARD = "gnu++14";
				CLANG_CXX_LIBRARY = "libc++";
				CLANG_ENABLE_MODULES = YES;
				CLANG_ENABLE_OBJC_ARC = YES;
				CLANG_ENABLE_OBJC_WEAK = YES;
				CLANG_WARN_BLOCK_CAPTURE_AUTORELEASING = YES;
				CLANG_WARN_BOOL_CONVERSION = YES;
				CLANG_WARN_COMMA = YES;
				CLANG_WARN_CONSTANT_CONVERSION = YES;
				CLANG_WARN_DEPRECATED_OBJC_IMPLEMENTATIONS = YES;
				CLANG_WARN_DIRECT_OBJC_ISA_USAGE = YES_ERROR;
				CLANG_WARN_DOCUMENTATION_COMMENTS = YES;
				CLANG_WARN_EMPTY_BODY = YES;
				CLANG_WARN_ENUM_CONVERSION = YES;
				CLANG_WARN_INFINITE_RECURSION = YES;
				CLANG_WARN_INT_CONVERSION = YES;
				CLANG_WARN_NON_LITERAL_NULL_CONVERSION = YES;
				CLANG_WARN_OBJC_IMPLICIT_RETAIN_SELF = YES;
				CLANG_WARN_OBJC_LITERAL_CONVERSION = YES;
				CLANG_WARN_OBJC_ROOT_CLASS = YES_ERROR;
				CLANG_WARN_RANGE_LOOP_ANALYSIS = YES;
				CLANG_WARN_STRICT_PROTOTYPES = YES;
				CLANG_WARN_SUSPICIOUS_MOVE = YES;
				CLANG_WARN_UNGUARDED_AVAILABILITY = YES_AGGRESSIVE;
				CLANG_WARN_UNREACHABLE_CODE = YES;
				CLANG_WARN__DUPLICATE_METHOD_MATCH = YES;
				COPY_PHASE_STRIP = NO;
				DEBUG_INFORMATION_FORMAT = "dwarf-with-dsym";
				ENABLE_NS_ASSERTIONS = NO;
				ENABLE_STRICT_OBJC_MSGSEND = YES;
				GCC_C_LANGUAGE_STANDARD = gnu11;
				GCC_NO_COMMON_BLOCKS = YES;
				GCC_WARN_64_TO_32_BIT_CONVERSION = YES;
				GCC_WARN_ABOUT_RETURN_TYPE = YES_ERROR;
				GCC_WARN_UNDECLARED_SELECTOR = YES;
				GCC_WARN_UNINITIALIZED_AUTOS = YES_AGGRESSIVE;
				GCC_WARN_UNUSED_FUNCTION = YES;
				GCC_WARN_UNUSED_VARIABLE = YES;
				IPHONEOS_DEPLOYMENT_TARGET = 13.2;
				MTL_ENABLE_DEBUG_INFO = NO;
				MTL_FAST_MATH = YES;
				SDKROOT = iphoneos;
				SWIFT_COMPILATION_MODE = wholemodule;
				SWIFT_OPTIMIZATION_LEVEL = "-O";
				VALIDATE_PRODUCT = YES;
			};
			name = Release;
		};
		220E0BC42453207100AEF042 /* Debug */ = {
			isa = XCBuildConfiguration;
			baseConfigurationReference = 2FF582AE9B9AA32058443E9C /* Pods-tableViewJSON.debug.xcconfig */;
			buildSettings = {
				ASSETCATALOG_COMPILER_APPICON_NAME = AppIcon;
				CODE_SIGN_STYLE = Automatic;
				INFOPLIST_FILE = tableViewJSON/Info.plist;
				LD_RUNPATH_SEARCH_PATHS = (
					"$(inherited)",
					"@executable_path/Frameworks",
				);
				PRODUCT_BUNDLE_IDENTIFIER = huynghiem.tableViewJSON;
				PRODUCT_NAME = "$(TARGET_NAME)";
				SWIFT_VERSION = 5.0;
				TARGETED_DEVICE_FAMILY = "1,2";
			};
			name = Debug;
		};
		220E0BC52453207100AEF042 /* Release */ = {
			isa = XCBuildConfiguration;
			baseConfigurationReference = 4E6F4C5C6AE8B0C99EC88FBE /* Pods-tableViewJSON.release.xcconfig */;
			buildSettings = {
				ASSETCATALOG_COMPILER_APPICON_NAME = AppIcon;
				CODE_SIGN_STYLE = Automatic;
				INFOPLIST_FILE = tableViewJSON/Info.plist;
				LD_RUNPATH_SEARCH_PATHS = (
					"$(inherited)",
					"@executable_path/Frameworks",
				);
				PRODUCT_BUNDLE_IDENTIFIER = huynghiem.tableViewJSON;
				PRODUCT_NAME = "$(TARGET_NAME)";
				SWIFT_VERSION = 5.0;
				TARGETED_DEVICE_FAMILY = "1,2";
			};
			name = Release;
		};
/* End XCBuildConfiguration section */

/* Begin XCConfigurationList section */
		220E0BAA2453206E00AEF042 /* Build configuration list for PBXProject "tableViewJSON" */ = {
			isa = XCConfigurationList;
			buildConfigurations = (
				220E0BC12453207100AEF042 /* Debug */,
				220E0BC22453207100AEF042 /* Release */,
			);
			defaultConfigurationIsVisible = 0;
			defaultConfigurationName = Release;
		};
		220E0BC32453207100AEF042 /* Build configuration list for PBXNativeTarget "tableViewJSON" */ = {
			isa = XCConfigurationList;
			buildConfigurations = (
				220E0BC42453207100AEF042 /* Debug */,
				220E0BC52453207100AEF042 /* Release */,
			);
			defaultConfigurationIsVisible = 0;
			defaultConfigurationName = Release;
		};
/* End XCConfigurationList section */
	};
	rootObject = 220E0BA72453206E00AEF042 /* Project object */;
}
